
Microsoft Visual Studio Solution File, Format Version 12.00
# Visual Studio Version 17
VisualStudioVersion = 17.0.31903.59
MinimumVisualStudioVersion = 10.0.40219.1
Project("{FAE04EC0-301F-11D3-BF4B-00C04F79EFBC}") = "Sacral.DTO", "Sacral.DTO\Sacral.DTO.csproj", "{FD26B7FF-4908-4D08-B4F0-7C9B3731C8B5}"
EndProject
Project("{FAE04EC0-301F-11D3-BF4B-00C04F79EFBC}") = "Sacral.DataAccess", "Sacral.DataAccess\Sacral.DataAccess.csproj", "{33487381-9865-4B0A-9BF3-2DFEC140125A}"
EndProject
Project("{FAE04EC0-301F-11D3-BF4B-00C04F79EFBC}") = "Sacral.Service", "Sacral.Service\Sacral.Service.csproj", "{BAE090CA-2FEB-47DF-92C5-8DD337BB526F}"
EndProject
Project("{FAE04EC0-301F-11D3-BF4B-00C04F79EFBC}") = "Sacral.API", "Sacral.API\Sacral.API.csproj", "{7364B2C6-70C3-4393-B8EF-4CEAB3FBD949}"
EndProject
Global
	GlobalSection(SolutionConfigurationPlatforms) = preSolution
		Debug|Any CPU = Debug|Any CPU
		Release|Any CPU = Release|Any CPU
	EndGlobalSection
	GlobalSection(SolutionProperties) = preSolution
		HideSolutionNode = FALSE
	EndGlobalSection
	GlobalSection(ProjectConfigurationPlatforms) = postSolution
		{FD26B7FF-4908-4D08-B4F0-7C9B3731C8B5}.Debug|Any CPU.ActiveCfg = Debug|Any CPU
		{FD26B7FF-4908-4D08-B4F0-7C9B3731C8B5}.Debug|Any CPU.Build.0 = Debug|Any CPU
		{FD26B7FF-4908-4D08-B4F0-7C9B3731C8B5}.Release|Any CPU.ActiveCfg = Release|Any CPU
		{FD26B7FF-4908-4D08-B4F0-7C9B3731C8B5}.Release|Any CPU.Build.0 = Release|Any CPU
		{33487381-9865-4B0A-9BF3-2DFEC140125A}.Debug|Any CPU.ActiveCfg = Debug|Any CPU
		{33487381-9865-4B0A-9BF3-2DFEC140125A}.Debug|Any CPU.Build.0 = Debug|Any CPU
		{33487381-9865-4B0A-9BF3-2DFEC140125A}.Release|Any CPU.ActiveCfg = Release|Any CPU
		{33487381-9865-4B0A-9BF3-2DFEC140125A}.Release|Any CPU.Build.0 = Release|Any CPU
		{BAE090CA-2FEB-47DF-92C5-8DD337BB526F}.Debug|Any CPU.ActiveCfg = Debug|Any CPU
		{BAE090CA-2FEB-47DF-92C5-8DD337BB526F}.Debug|Any CPU.Build.0 = Debug|Any CPU
		{BAE090CA-2FEB-47DF-92C5-8DD337BB526F}.Release|Any CPU.ActiveCfg = Release|Any CPU
		{BAE090CA-2FEB-47DF-92C5-8DD337BB526F}.Release|Any CPU.Build.0 = Release|Any CPU
		{7364B2C6-70C3-4393-B8EF-4CEAB3FBD949}.Debug|Any CPU.ActiveCfg = Debug|Any CPU
		{7364B2C6-70C3-4393-B8EF-4CEAB3FBD949}.Debug|Any CPU.Build.0 = Debug|Any CPU
		{7364B2C6-70C3-4393-B8EF-4CEAB3FBD949}.Release|Any CPU.ActiveCfg = Release|Any CPU
		{7364B2C6-70C3-4393-B8EF-4CEAB3FBD949}.Release|Any CPU.Build.0 = Release|Any CPU
	EndGlobalSection
EndGlobal
